{
  "name": "@fortitan/game-server",
  "version": "1.0.0",
  "lockfileVersion": 1,
  "requires": true,
  "dependencies": {
    "@fortitan/client": {
      "version": "file:../client",
      "requires": {
        "@fortitan/game-server": "^1.0.0",
        "@fortitan/shared": "^1.0.0",
        "@rescripts/cli": "0.0.11",
        "axios": "^0.19.0",
        "cross-env": "5.2.0",
        "eventemitter3": "^3.1.2",
        "iogine": "^1.0.0",
        "matter-js": "^0.14.2",
        "mobx": "^5.10.1",
        "mobx-react": "^6.1.1",
        "mobx-state-tree": "^3.14.0",
        "phaser": "^3.18.1",
        "prop-types": "15.7.2",
        "react": "16.8.6",
        "react-dom": "16.8.6",
        "react-scripts": "^3.0.1",
        "react-spring": "^8.0.25",
        "socket.io-client": "^2.2.0",
        "stats.js": "^0.17.0",
        "styled-components": "4.3.2",
        "styled-system": "^5.0.12"
      }
    },
    "@fortitan/shared": {
      "version": "1.0.0",
      "requires": {
        "iogine": "^1.0.0"
      }
    },
    "iogine": {
      "version": "1.0.0"
    }
  }
}
